{
  "name": "test",
  "lockfileVersion": 2,
  "requires": true,
  "packages": {
    "": {
      "dependencies": {
        "lib-pareto-exe": "^0.2.2",
        "pareto-core-exe": "^0.5.0",
        "pareto-core-lib": "^0.7.0",
        "res-pareto-diff": "^0.7.0"
      }
    },
    "node_modules/api-pareto-diff": {
      "version": "0.3.0",
      "resolved": "https://registry.npmjs.org/api-pareto-diff/-/api-pareto-diff-0.3.0.tgz",
      "integrity": "sha512-VTPhwPzDbbMvtU7gXZmmcQFZ9zgVLAZ+rLKASHz38AL+ARqjJ/rDNMlSRn0m0GA3BvIrAexFFyFTp/a9gJK2bg==",
      "dependencies": {
        "pareto-core-types": "^0.2.0"
      }
    },
    "node_modules/diff": {
      "version": "5.1.0",
      "resolved": "https://registry.npmjs.org/diff/-/diff-5.1.0.tgz",
      "integrity": "sha512-D+mk+qE8VC/PAUrlAU34N+VfXev0ghe5ywmpqrawphmVZc1bEfn56uo9qpyGp1p4xpzOHkSW4ztBd6L7Xx4ACw==",
      "engines": {
        "node": ">=0.3.1"
      }
    },
    "node_modules/lib-pareto-exe": {
      "version": "0.2.2",
      "resolved": "https://registry.npmjs.org/lib-pareto-exe/-/lib-pareto-exe-0.2.2.tgz",
      "integrity": "sha512-P3jdvuB0XtJqTmFqBiXSatcV5qNb1QOPV4O0ZenaiKY3wA/d/00q3k7h5bXUqCqPBIMp3QO0V6OuFJmS1hHwNA==",
      "dependencies": {
        "pareto-core-lib": "^0.7.0",
        "pareto-core-state": "^0.6.0"
      }
    },
    "node_modules/pareto-core-exe": {
      "version": "0.5.0",
      "resolved": "https://registry.npmjs.org/pareto-core-exe/-/pareto-core-exe-0.5.0.tgz",
      "integrity": "sha512-1XF9CJqsuPaM7KlmX/sZabo4FjoFvJ4Z+4/X09E2EPOUUoLU6nBRa3ziUeqqCoRXZly4TXKw5Yn46BPOYOVSDw==",
      "dependencies": {
        "pareto-core-types": "^0.2.0"
      }
    },
    "node_modules/pareto-core-internals": {
      "version": "0.2.0",
      "resolved": "https://registry.npmjs.org/pareto-core-internals/-/pareto-core-internals-0.2.0.tgz",
      "integrity": "sha512-pMiM+P1IZGSL5ZguzVZVK6UB6s0aL3AEcBc4mxb6gOGEROMi/TcgNiMHwpIzbQ9KbNVjqXRlal9NUVJHkQPrQw==",
      "dependencies": {
        "pareto-core-types": "^0.2.0"
      }
    },
    "node_modules/pareto-core-lib": {
      "version": "0.7.0",
      "resolved": "https://registry.npmjs.org/pareto-core-lib/-/pareto-core-lib-0.7.0.tgz",
      "integrity": "sha512-IIdjd5B0ebtKC0P09ART4eqVgCFaFiO3KRrZUD0SV8LGwH1iEIz/9d46W3rHSsE1pykK3tU4Gh9Unz4rI4cplg==",
      "dependencies": {
        "pareto-core-internals": "^0.2.0"
      }
    },
    "node_modules/pareto-core-raw": {
      "version": "0.2.0",
      "resolved": "https://registry.npmjs.org/pareto-core-raw/-/pareto-core-raw-0.2.0.tgz",
      "integrity": "sha512-wRqlCN2rRxYx9WRv2jMFX85iJj1A5Nr/7cs9cdlId0TBC9ZlFzKoJzki7cI/ov/flowjTKOWZ2Q2jcHqVeqYUw==",
      "dependencies": {
        "pareto-core-internals": "^0.1.0",
        "pareto-core-types": "^0.2.0"
      }
    },
    "node_modules/pareto-core-raw/node_modules/pareto-core-internals": {
      "version": "0.1.0",
      "resolved": "https://registry.npmjs.org/pareto-core-internals/-/pareto-core-internals-0.1.0.tgz",
      "integrity": "sha512-FG4tY7yxtzHer0Y0RlHT20UpdGWabH2zhEF3J80SolAOgHaiVtxHi7rLyDVu4883rd0CyAGEjF7yv5VSDfl12A==",
      "dependencies": {
        "pareto-core-types": "^0.2.0"
      }
    },
    "node_modules/pareto-core-state": {
      "version": "0.6.0",
      "resolved": "https://registry.npmjs.org/pareto-core-state/-/pareto-core-state-0.6.0.tgz",
      "integrity": "sha512-NuH3k8GCB3oB2beHvPu0fvRNyMMGoOys3mgC+jNC2LUYbop7UIHiJMfeVCDKL4shrYClTEei7b5GuWLOajAtmg==",
      "dependencies": {
        "pareto-core-internals": "^0.2.0"
      }
    },
    "node_modules/pareto-core-types": {
      "version": "0.2.0",
      "resolved": "https://registry.npmjs.org/pareto-core-types/-/pareto-core-types-0.2.0.tgz",
      "integrity": "sha512-XopY0slTv5wAObZu0nOSsz6O86K/peQhVu+bqIBMJRKiewjawmIOqa9e8JHlFyXdMHxa0Ek4zDThWQVkiBCsKQ=="
    },
    "node_modules/res-pareto-diff": {
      "version": "0.7.0",
      "resolved": "https://registry.npmjs.org/res-pareto-diff/-/res-pareto-diff-0.7.0.tgz",
      "integrity": "sha512-W+1BZJa/vnaJds9nSjmNalp9b4R9q5Yvw0kjt5p7OxUCOMxKf1Hls2FlN3jGVtO2ApyUHMSVwZS672EH9EZkoA==",
      "dependencies": {
        "api-pareto-diff": "^0.3.0",
        "diff": "^5.1.0",
        "pareto-core-lib": "^0.7.0",
        "pareto-core-raw": "^0.2.0"
      }
    }
  },
  "dependencies": {
    "api-pareto-diff": {
      "version": "0.3.0",
      "resolved": "https://registry.npmjs.org/api-pareto-diff/-/api-pareto-diff-0.3.0.tgz",
      "integrity": "sha512-VTPhwPzDbbMvtU7gXZmmcQFZ9zgVLAZ+rLKASHz38AL+ARqjJ/rDNMlSRn0m0GA3BvIrAexFFyFTp/a9gJK2bg==",
      "requires": {
        "pareto-core-types": "^0.2.0"
      }
    },
    "diff": {
      "version": "5.1.0",
      "resolved": "https://registry.npmjs.org/diff/-/diff-5.1.0.tgz",
      "integrity": "sha512-D+mk+qE8VC/PAUrlAU34N+VfXev0ghe5ywmpqrawphmVZc1bEfn56uo9qpyGp1p4xpzOHkSW4ztBd6L7Xx4ACw=="
    },
    "lib-pareto-exe": {
      "version": "0.2.2",
      "resolved": "https://registry.npmjs.org/lib-pareto-exe/-/lib-pareto-exe-0.2.2.tgz",
      "integrity": "sha512-P3jdvuB0XtJqTmFqBiXSatcV5qNb1QOPV4O0ZenaiKY3wA/d/00q3k7h5bXUqCqPBIMp3QO0V6OuFJmS1hHwNA==",
      "requires": {
        "pareto-core-lib": "^0.7.0",
        "pareto-core-state": "^0.6.0"
      }
    },
    "pareto-core-exe": {
      "version": "0.5.0",
      "resolved": "https://registry.npmjs.org/pareto-core-exe/-/pareto-core-exe-0.5.0.tgz",
      "integrity": "sha512-1XF9CJqsuPaM7KlmX/sZabo4FjoFvJ4Z+4/X09E2EPOUUoLU6nBRa3ziUeqqCoRXZly4TXKw5Yn46BPOYOVSDw==",
      "requires": {
        "pareto-core-types": "^0.2.0"
      }
    },
    "pareto-core-internals": {
      "version": "0.2.0",
      "resolved": "https://registry.npmjs.org/pareto-core-internals/-/pareto-core-internals-0.2.0.tgz",
      "integrity": "sha512-pMiM+P1IZGSL5ZguzVZVK6UB6s0aL3AEcBc4mxb6gOGEROMi/TcgNiMHwpIzbQ9KbNVjqXRlal9NUVJHkQPrQw==",
      "requires": {
        "pareto-core-types": "^0.2.0"
      }
    },
    "pareto-core-lib": {
      "version": "0.7.0",
      "resolved": "https://registry.npmjs.org/pareto-core-lib/-/pareto-core-lib-0.7.0.tgz",
      "integrity": "sha512-IIdjd5B0ebtKC0P09ART4eqVgCFaFiO3KRrZUD0SV8LGwH1iEIz/9d46W3rHSsE1pykK3tU4Gh9Unz4rI4cplg==",
      "requires": {
        "pareto-core-internals": "^0.2.0"
      }
    },
    "pareto-core-raw": {
      "version": "0.2.0",
      "resolved": "https://registry.npmjs.org/pareto-core-raw/-/pareto-core-raw-0.2.0.tgz",
      "integrity": "sha512-wRqlCN2rRxYx9WRv2jMFX85iJj1A5Nr/7cs9cdlId0TBC9ZlFzKoJzki7cI/ov/flowjTKOWZ2Q2jcHqVeqYUw==",
      "requires": {
        "pareto-core-internals": "^0.1.0",
        "pareto-core-types": "^0.2.0"
      },
      "dependencies": {
        "pareto-core-internals": {
          "version": "0.1.0",
          "resolved": "https://registry.npmjs.org/pareto-core-internals/-/pareto-core-internals-0.1.0.tgz",
          "integrity": "sha512-FG4tY7yxtzHer0Y0RlHT20UpdGWabH2zhEF3J80SolAOgHaiVtxHi7rLyDVu4883rd0CyAGEjF7yv5VSDfl12A==",
          "requires": {
            "pareto-core-types": "^0.2.0"
          }
        }
      }
    },
    "pareto-core-state": {
      "version": "0.6.0",
      "resolved": "https://registry.npmjs.org/pareto-core-state/-/pareto-core-state-0.6.0.tgz",
      "integrity": "sha512-NuH3k8GCB3oB2beHvPu0fvRNyMMGoOys3mgC+jNC2LUYbop7UIHiJMfeVCDKL4shrYClTEei7b5GuWLOajAtmg==",
      "requires": {
        "pareto-core-internals": "^0.2.0"
      }
    },
    "pareto-core-types": {
      "version": "0.2.0",
      "resolved": "https://registry.npmjs.org/pareto-core-types/-/pareto-core-types-0.2.0.tgz",
      "integrity": "sha512-XopY0slTv5wAObZu0nOSsz6O86K/peQhVu+bqIBMJRKiewjawmIOqa9e8JHlFyXdMHxa0Ek4zDThWQVkiBCsKQ=="
    },
    "res-pareto-diff": {
      "version": "0.7.0",
      "resolved": "https://registry.npmjs.org/res-pareto-diff/-/res-pareto-diff-0.7.0.tgz",
      "integrity": "sha512-W+1BZJa/vnaJds9nSjmNalp9b4R9q5Yvw0kjt5p7OxUCOMxKf1Hls2FlN3jGVtO2ApyUHMSVwZS672EH9EZkoA==",
      "requires": {
        "api-pareto-diff": "^0.3.0",
        "diff": "^5.1.0",
        "pareto-core-lib": "^0.7.0",
        "pareto-core-raw": "^0.2.0"
      }
    }
  }
}
