{
  "name": "dev",
  "lockfileVersion": 2,
  "requires": true,
  "packages": {
    "": {
      "dependencies": {
        "lib-fountain-pen": "^0.7.0",
        "pareto-core-exe": "^0.15.1",
        "pareto-core-lib": "^0.17.0",
        "pareto-core-raw": "^0.7.0",
        "pareto-core-state": "^0.12.0",
        "res-pareto-collation": "^0.10.0",
        "res-pareto-standard-outstream": "^0.8.0"
      }
    },
    "node_modules/glo-pareto-main": {
      "version": "0.3.0",
      "resolved": "https://registry.npmjs.org/glo-pareto-main/-/glo-pareto-main-0.3.0.tgz",
      "integrity": "sha512-f3eHxf/dw/7HQne6vcmdgJOFTho/Xw+xaAdiEFn6F4jbvUp4qcCAsOhwoATZJCQPA34+U9alNDgYShSOCIsb5w==",
      "dependencies": {
        "pareto-core-types": "^0.10.0"
      }
    },
    "node_modules/lib-fountain-pen": {
      "version": "0.7.0",
      "resolved": "https://registry.npmjs.org/lib-fountain-pen/-/lib-fountain-pen-0.7.0.tgz",
      "integrity": "sha512-RdR9YKDSu7yXlCrEMSxps4ozhrnh76JajKD+04A37/CzECCNV8yz6m4NYwkBZsEXTzSqF99TXp/cbuVQPqcQtA==",
      "dependencies": {
        "pareto-core-lib": "^0.17.0",
        "pareto-core-raw": "^0.7.0",
        "pareto-core-state": "^0.12.0",
        "res-pareto-tostring": "^0.4.1"
      }
    },
    "node_modules/pareto-core-exe": {
      "version": "0.15.1",
      "resolved": "https://registry.npmjs.org/pareto-core-exe/-/pareto-core-exe-0.15.1.tgz",
      "integrity": "sha512-WZxS20fFeq2pzl8pfF2VZFiqXxeg+YmBk5RWymWSvrjWN08ZmtP01/GHtQmgXpHtFG+11FusPXX+lk7dar26dw==",
      "dependencies": {
        "glo-pareto-main": "^0.3.0",
        "pareto-core-internals": "^0.11.0"
      }
    },
    "node_modules/pareto-core-internals": {
      "version": "0.11.0",
      "resolved": "https://registry.npmjs.org/pareto-core-internals/-/pareto-core-internals-0.11.0.tgz",
      "integrity": "sha512-r9npJV5EXGSteklXVa9Sr9YcTkv3PQ3bWJK0sWwtuw6rvU4DHC6xYzIU8otnI4SM0f2je72fN6fWh0LaYQNe2A==",
      "dependencies": {
        "pareto-core-types": "^0.10.0"
      }
    },
    "node_modules/pareto-core-lib": {
      "version": "0.17.0",
      "resolved": "https://registry.npmjs.org/pareto-core-lib/-/pareto-core-lib-0.17.0.tgz",
      "integrity": "sha512-C+5Omz9UT8EB8f2AcVd78Kcq+b1IdymQLk9LkywFySieh38AeYtrLRod8tif4wLCeXGIj6T1Py23Pl+5lGWNFg==",
      "dependencies": {
        "pareto-core-internals": "^0.11.0"
      }
    },
    "node_modules/pareto-core-raw": {
      "version": "0.7.0",
      "resolved": "https://registry.npmjs.org/pareto-core-raw/-/pareto-core-raw-0.7.0.tgz",
      "integrity": "sha512-h+cMrKMNLg6iPB8oqc8DGJsdDSuuEEc/UxTbmehzOAUYeJp/ZftAVZn1IHItMcjRqpusfz7njKR4QvJWT91PEg==",
      "dependencies": {
        "pareto-core-internals": "^0.11.0"
      }
    },
    "node_modules/pareto-core-state": {
      "version": "0.12.0",
      "resolved": "https://registry.npmjs.org/pareto-core-state/-/pareto-core-state-0.12.0.tgz",
      "integrity": "sha512-yuDXIlvorBeZfJ4Xkob7JEXcukou5s1UrcXvsCt9N9CjalbEoOgZ5UD+3wL4nbtlIubzH+VvzlYMOoOoOOxkqw==",
      "dependencies": {
        "pareto-core-internals": "^0.11.0"
      }
    },
    "node_modules/pareto-core-types": {
      "version": "0.10.0",
      "resolved": "https://registry.npmjs.org/pareto-core-types/-/pareto-core-types-0.10.0.tgz",
      "integrity": "sha512-asVi1Eq2wbUfqyOrTFtSP7Tm1flBhfh2Evu90aTgf2xzphs9BFiYvIs9FhNWU7qcvjAup6ISMT6Gjv7mHQivLw=="
    },
    "node_modules/res-pareto-collation": {
      "version": "0.10.0",
      "resolved": "https://registry.npmjs.org/res-pareto-collation/-/res-pareto-collation-0.10.0.tgz",
      "integrity": "sha512-64LhNq6n8XBScu/EptZZgmh1AxFuq6vuBOxEGu07uNwNdqgWMTUdii8ZqQNnWFQry5ZSyIEwhCLDx5JWhbRXvw==",
      "dependencies": {
        "pareto-core-internals": "^0.11.0"
      }
    },
    "node_modules/res-pareto-standard-outstream": {
      "version": "0.8.0",
      "resolved": "https://registry.npmjs.org/res-pareto-standard-outstream/-/res-pareto-standard-outstream-0.8.0.tgz",
      "integrity": "sha512-ReNyhK/EQKsm6Gxn4+IXz2ryfx0LmSAIslkYSaWiYbme6FYafgDnfqA+AdUHZ6bj8M38L/+I4MBD4kr23ONLVQ==",
      "dependencies": {
        "pareto-core-internals": "^0.11.0"
      }
    },
    "node_modules/res-pareto-tostring": {
      "version": "0.4.1",
      "resolved": "https://registry.npmjs.org/res-pareto-tostring/-/res-pareto-tostring-0.4.1.tgz",
      "integrity": "sha512-zvvdHzjekuuVn2q2HcWUS9UxwGQ2Vw1BWl0p18Hx0oJFck0NFEKb2Xk0NSKpXLKqH+FEAJKdh5D8d+2JR7JUWQ==",
      "dependencies": {
        "pareto-core-internals": "^0.11.0"
      }
    }
  },
  "dependencies": {
    "glo-pareto-main": {
      "version": "0.3.0",
      "resolved": "https://registry.npmjs.org/glo-pareto-main/-/glo-pareto-main-0.3.0.tgz",
      "integrity": "sha512-f3eHxf/dw/7HQne6vcmdgJOFTho/Xw+xaAdiEFn6F4jbvUp4qcCAsOhwoATZJCQPA34+U9alNDgYShSOCIsb5w==",
      "requires": {
        "pareto-core-types": "^0.10.0"
      }
    },
    "lib-fountain-pen": {
      "version": "0.7.0",
      "resolved": "https://registry.npmjs.org/lib-fountain-pen/-/lib-fountain-pen-0.7.0.tgz",
      "integrity": "sha512-RdR9YKDSu7yXlCrEMSxps4ozhrnh76JajKD+04A37/CzECCNV8yz6m4NYwkBZsEXTzSqF99TXp/cbuVQPqcQtA==",
      "requires": {
        "pareto-core-lib": "^0.17.0",
        "pareto-core-raw": "^0.7.0",
        "pareto-core-state": "^0.12.0",
        "res-pareto-tostring": "^0.4.1"
      }
    },
    "pareto-core-exe": {
      "version": "0.15.1",
      "resolved": "https://registry.npmjs.org/pareto-core-exe/-/pareto-core-exe-0.15.1.tgz",
      "integrity": "sha512-WZxS20fFeq2pzl8pfF2VZFiqXxeg+YmBk5RWymWSvrjWN08ZmtP01/GHtQmgXpHtFG+11FusPXX+lk7dar26dw==",
      "requires": {
        "glo-pareto-main": "^0.3.0",
        "pareto-core-internals": "^0.11.0"
      }
    },
    "pareto-core-internals": {
      "version": "0.11.0",
      "resolved": "https://registry.npmjs.org/pareto-core-internals/-/pareto-core-internals-0.11.0.tgz",
      "integrity": "sha512-r9npJV5EXGSteklXVa9Sr9YcTkv3PQ3bWJK0sWwtuw6rvU4DHC6xYzIU8otnI4SM0f2je72fN6fWh0LaYQNe2A==",
      "requires": {
        "pareto-core-types": "^0.10.0"
      }
    },
    "pareto-core-lib": {
      "version": "0.17.0",
      "resolved": "https://registry.npmjs.org/pareto-core-lib/-/pareto-core-lib-0.17.0.tgz",
      "integrity": "sha512-C+5Omz9UT8EB8f2AcVd78Kcq+b1IdymQLk9LkywFySieh38AeYtrLRod8tif4wLCeXGIj6T1Py23Pl+5lGWNFg==",
      "requires": {
        "pareto-core-internals": "^0.11.0"
      }
    },
    "pareto-core-raw": {
      "version": "0.7.0",
      "resolved": "https://registry.npmjs.org/pareto-core-raw/-/pareto-core-raw-0.7.0.tgz",
      "integrity": "sha512-h+cMrKMNLg6iPB8oqc8DGJsdDSuuEEc/UxTbmehzOAUYeJp/ZftAVZn1IHItMcjRqpusfz7njKR4QvJWT91PEg==",
      "requires": {
        "pareto-core-internals": "^0.11.0"
      }
    },
    "pareto-core-state": {
      "version": "0.12.0",
      "resolved": "https://registry.npmjs.org/pareto-core-state/-/pareto-core-state-0.12.0.tgz",
      "integrity": "sha512-yuDXIlvorBeZfJ4Xkob7JEXcukou5s1UrcXvsCt9N9CjalbEoOgZ5UD+3wL4nbtlIubzH+VvzlYMOoOoOOxkqw==",
      "requires": {
        "pareto-core-internals": "^0.11.0"
      }
    },
    "pareto-core-types": {
      "version": "0.10.0",
      "resolved": "https://registry.npmjs.org/pareto-core-types/-/pareto-core-types-0.10.0.tgz",
      "integrity": "sha512-asVi1Eq2wbUfqyOrTFtSP7Tm1flBhfh2Evu90aTgf2xzphs9BFiYvIs9FhNWU7qcvjAup6ISMT6Gjv7mHQivLw=="
    },
    "res-pareto-collation": {
      "version": "0.10.0",
      "resolved": "https://registry.npmjs.org/res-pareto-collation/-/res-pareto-collation-0.10.0.tgz",
      "integrity": "sha512-64LhNq6n8XBScu/EptZZgmh1AxFuq6vuBOxEGu07uNwNdqgWMTUdii8ZqQNnWFQry5ZSyIEwhCLDx5JWhbRXvw==",
      "requires": {
        "pareto-core-internals": "^0.11.0"
      }
    },
    "res-pareto-standard-outstream": {
      "version": "0.8.0",
      "resolved": "https://registry.npmjs.org/res-pareto-standard-outstream/-/res-pareto-standard-outstream-0.8.0.tgz",
      "integrity": "sha512-ReNyhK/EQKsm6Gxn4+IXz2ryfx0LmSAIslkYSaWiYbme6FYafgDnfqA+AdUHZ6bj8M38L/+I4MBD4kr23ONLVQ==",
      "requires": {
        "pareto-core-internals": "^0.11.0"
      }
    },
    "res-pareto-tostring": {
      "version": "0.4.1",
      "resolved": "https://registry.npmjs.org/res-pareto-tostring/-/res-pareto-tostring-0.4.1.tgz",
      "integrity": "sha512-zvvdHzjekuuVn2q2HcWUS9UxwGQ2Vw1BWl0p18Hx0oJFck0NFEKb2Xk0NSKpXLKqH+FEAJKdh5D8d+2JR7JUWQ==",
      "requires": {
        "pareto-core-internals": "^0.11.0"
      }
    }
  }
}
