{
  "name": "lib-pareto-test",
  "version": "0.4.1",
  "lockfileVersion": 2,
  "requires": true,
  "packages": {
    "": {
      "name": "lib-pareto-test",
      "version": "0.4.1",
      "license": "ISC",
      "dependencies": {
        "api-pareto-arithmetic": "^0.3.1",
        "api-pareto-boolean": "^0.3.1",
        "api-pareto-collation": "^0.8.0",
        "api-pareto-diff": "^0.7.2",
        "api-pareto-filesystem": "^0.6.0",
        "api-pareto-main": "^0.8.0",
        "lib-pareto-exe": "^0.4.0",
        "lib-pareto-filesystem": "^0.3.1",
        "pareto-core-async": "^0.5.0",
        "pareto-core-lib": "^0.12.0"
      }
    },
    "node_modules/api-pareto-arithmetic": {
      "version": "0.3.1",
      "resolved": "https://registry.npmjs.org/api-pareto-arithmetic/-/api-pareto-arithmetic-0.3.1.tgz",
      "integrity": "sha512-GIvY7gu+9uXxkJftMLuly4eg+ijGbOz2Upyw/jC1GKX29sSZAuZmP4xuuudPmvVHvw54aoPNobVpf9dKFxQqwQ==",
      "dependencies": {
        "pareto-core-types": "^0.5.0"
      }
    },
    "node_modules/api-pareto-boolean": {
      "version": "0.3.1",
      "resolved": "https://registry.npmjs.org/api-pareto-boolean/-/api-pareto-boolean-0.3.1.tgz",
      "integrity": "sha512-bvh+z3R30IcivvbmQ6r8cUh7wztqM7/4PUqHycnz3hD2q/BjuNz2uZC/l0xIre7KOxnAjDIzWH8CUIc2V4BuPg==",
      "dependencies": {
        "pareto-core-types": "^0.5.0"
      }
    },
    "node_modules/api-pareto-collation": {
      "version": "0.8.0",
      "resolved": "https://registry.npmjs.org/api-pareto-collation/-/api-pareto-collation-0.8.0.tgz",
      "integrity": "sha512-delPA4b/idaz3JoFc3ksz7TgoPh9xMQpcHGdsXqLUQDzSgS61mBiDjOmyRnc2e4yxeDL7nfISmvmrH0H77Rkkg==",
      "dependencies": {
        "pareto-core-types": "^0.5.0"
      }
    },
    "node_modules/api-pareto-diff": {
      "version": "0.7.2",
      "resolved": "https://registry.npmjs.org/api-pareto-diff/-/api-pareto-diff-0.7.2.tgz",
      "integrity": "sha512-5RuqpX+u6pLj+FxnEUGostHwIyfaUfbpd3OFiyz4U1aI0ceqXyYho/VO0JGT8vgNy0/sPHSEs+uzU4aNBMh4Rg==",
      "dependencies": {
        "pareto-core-types": "^0.5.0"
      }
    },
    "node_modules/api-pareto-filesystem": {
      "version": "0.6.0",
      "resolved": "https://registry.npmjs.org/api-pareto-filesystem/-/api-pareto-filesystem-0.6.0.tgz",
      "integrity": "sha512-cMWg+O1/iN+gUu37qYyj9QnEsMwNrQUi/tS25SYutI85m2vMDAgp0DEAi0Coo8GR9Z3t4lGYyV1zF+5tKwQIiA==",
      "dependencies": {
        "pareto-core-types": "^0.5.0"
      }
    },
    "node_modules/api-pareto-main": {
      "version": "0.8.0",
      "resolved": "https://registry.npmjs.org/api-pareto-main/-/api-pareto-main-0.8.0.tgz",
      "integrity": "sha512-AMjMMjkYGvuOyHFWFjy60LdvqgrTlTrU3IVAVNOwsfjAb5urFO/BrQqYVtnaw/RGpodgI4Lu8rui3jDigDtaMg==",
      "dependencies": {
        "pareto-core-types": "^0.5.0"
      }
    },
    "node_modules/lib-pareto-exe": {
      "version": "0.4.0",
      "resolved": "https://registry.npmjs.org/lib-pareto-exe/-/lib-pareto-exe-0.4.0.tgz",
      "integrity": "sha512-P/DW01Jye4A82Cu3Fbf4PsQbxx+iL210THyDM23f8nQfX6gMvGvFxVlB4OUujxBy3auVORlTWecS8NZ/5DUYFA==",
      "dependencies": {
        "pareto-core-lib": "^0.12.0",
        "pareto-core-state": "^0.8.0"
      }
    },
    "node_modules/lib-pareto-filesystem": {
      "version": "0.3.1",
      "resolved": "https://registry.npmjs.org/lib-pareto-filesystem/-/lib-pareto-filesystem-0.3.1.tgz",
      "integrity": "sha512-GRrjapmtCjES0TNI7Gv/aUh0RsqLbxJ2lAduTnSPdKbPvkq/7+Yubi7BPUKURwKVFsQoqsrklgSijUnHymMwcg==",
      "dependencies": {
        "api-pareto-filesystem": "^0.6.0",
        "pareto-core-lib": "^0.12.0"
      }
    },
    "node_modules/pareto-core-async": {
      "version": "0.5.0",
      "resolved": "https://registry.npmjs.org/pareto-core-async/-/pareto-core-async-0.5.0.tgz",
      "integrity": "sha512-KJUMlEH213XKKve6GApEH43E4tpvkP3z3mbjAIlCQEjWZ0mKCRMxde+2knim9NJMrb2eujcaDN8bjGt5lnBNmw==",
      "dependencies": {
        "pareto-core-internals": "^0.6.0"
      }
    },
    "node_modules/pareto-core-internals": {
      "version": "0.6.0",
      "resolved": "https://registry.npmjs.org/pareto-core-internals/-/pareto-core-internals-0.6.0.tgz",
      "integrity": "sha512-ZXHa+PC5n7Ij/ASupX9erNo0ToHzDarv7AMTLfryB/l8YN49W8ZcHqFp6AFayiamtdBEf6nOy24A4OwmPRCkaA==",
      "dependencies": {
        "pareto-core-types": "^0.5.0"
      }
    },
    "node_modules/pareto-core-lib": {
      "version": "0.12.0",
      "resolved": "https://registry.npmjs.org/pareto-core-lib/-/pareto-core-lib-0.12.0.tgz",
      "integrity": "sha512-t8aAPpP0NadPa4umSeZRA/auwQGy+9vn5ez0VUT65m9ZQTuSSJzy2Mg2L8++vZ2VmtfHA3ssLbCYcbWsoJNdcw==",
      "dependencies": {
        "pareto-core-internals": "^0.6.0"
      }
    },
    "node_modules/pareto-core-state": {
      "version": "0.8.0",
      "resolved": "https://registry.npmjs.org/pareto-core-state/-/pareto-core-state-0.8.0.tgz",
      "integrity": "sha512-X4xhrpXYV8jkI6UloEJSwY/Kic5GgqxMZQjPA8aitEcE4OWE2dKS+0xYIJ3IUlLhCpFYsW/lbcLc64KSWVKNZQ==",
      "dependencies": {
        "pareto-core-internals": "^0.6.0"
      }
    },
    "node_modules/pareto-core-types": {
      "version": "0.5.0",
      "resolved": "https://registry.npmjs.org/pareto-core-types/-/pareto-core-types-0.5.0.tgz",
      "integrity": "sha512-RgJ5V2Eg/E8wUtlXL0T+0oywXRubtBChdoKfdRctjExtmrU2UeWkIvrncbxe4k+pyMxO3eJ3NQ/58trkW7L+Cg=="
    }
  },
  "dependencies": {
    "api-pareto-arithmetic": {
      "version": "0.3.1",
      "resolved": "https://registry.npmjs.org/api-pareto-arithmetic/-/api-pareto-arithmetic-0.3.1.tgz",
      "integrity": "sha512-GIvY7gu+9uXxkJftMLuly4eg+ijGbOz2Upyw/jC1GKX29sSZAuZmP4xuuudPmvVHvw54aoPNobVpf9dKFxQqwQ==",
      "requires": {
        "pareto-core-types": "^0.5.0"
      }
    },
    "api-pareto-boolean": {
      "version": "0.3.1",
      "resolved": "https://registry.npmjs.org/api-pareto-boolean/-/api-pareto-boolean-0.3.1.tgz",
      "integrity": "sha512-bvh+z3R30IcivvbmQ6r8cUh7wztqM7/4PUqHycnz3hD2q/BjuNz2uZC/l0xIre7KOxnAjDIzWH8CUIc2V4BuPg==",
      "requires": {
        "pareto-core-types": "^0.5.0"
      }
    },
    "api-pareto-collation": {
      "version": "0.8.0",
      "resolved": "https://registry.npmjs.org/api-pareto-collation/-/api-pareto-collation-0.8.0.tgz",
      "integrity": "sha512-delPA4b/idaz3JoFc3ksz7TgoPh9xMQpcHGdsXqLUQDzSgS61mBiDjOmyRnc2e4yxeDL7nfISmvmrH0H77Rkkg==",
      "requires": {
        "pareto-core-types": "^0.5.0"
      }
    },
    "api-pareto-diff": {
      "version": "0.7.2",
      "resolved": "https://registry.npmjs.org/api-pareto-diff/-/api-pareto-diff-0.7.2.tgz",
      "integrity": "sha512-5RuqpX+u6pLj+FxnEUGostHwIyfaUfbpd3OFiyz4U1aI0ceqXyYho/VO0JGT8vgNy0/sPHSEs+uzU4aNBMh4Rg==",
      "requires": {
        "pareto-core-types": "^0.5.0"
      }
    },
    "api-pareto-filesystem": {
      "version": "0.6.0",
      "resolved": "https://registry.npmjs.org/api-pareto-filesystem/-/api-pareto-filesystem-0.6.0.tgz",
      "integrity": "sha512-cMWg+O1/iN+gUu37qYyj9QnEsMwNrQUi/tS25SYutI85m2vMDAgp0DEAi0Coo8GR9Z3t4lGYyV1zF+5tKwQIiA==",
      "requires": {
        "pareto-core-types": "^0.5.0"
      }
    },
    "api-pareto-main": {
      "version": "0.8.0",
      "resolved": "https://registry.npmjs.org/api-pareto-main/-/api-pareto-main-0.8.0.tgz",
      "integrity": "sha512-AMjMMjkYGvuOyHFWFjy60LdvqgrTlTrU3IVAVNOwsfjAb5urFO/BrQqYVtnaw/RGpodgI4Lu8rui3jDigDtaMg==",
      "requires": {
        "pareto-core-types": "^0.5.0"
      }
    },
    "lib-pareto-exe": {
      "version": "0.4.0",
      "resolved": "https://registry.npmjs.org/lib-pareto-exe/-/lib-pareto-exe-0.4.0.tgz",
      "integrity": "sha512-P/DW01Jye4A82Cu3Fbf4PsQbxx+iL210THyDM23f8nQfX6gMvGvFxVlB4OUujxBy3auVORlTWecS8NZ/5DUYFA==",
      "requires": {
        "pareto-core-lib": "^0.12.0",
        "pareto-core-state": "^0.8.0"
      }
    },
    "lib-pareto-filesystem": {
      "version": "0.3.1",
      "resolved": "https://registry.npmjs.org/lib-pareto-filesystem/-/lib-pareto-filesystem-0.3.1.tgz",
      "integrity": "sha512-GRrjapmtCjES0TNI7Gv/aUh0RsqLbxJ2lAduTnSPdKbPvkq/7+Yubi7BPUKURwKVFsQoqsrklgSijUnHymMwcg==",
      "requires": {
        "api-pareto-filesystem": "^0.6.0",
        "pareto-core-lib": "^0.12.0"
      }
    },
    "pareto-core-async": {
      "version": "0.5.0",
      "resolved": "https://registry.npmjs.org/pareto-core-async/-/pareto-core-async-0.5.0.tgz",
      "integrity": "sha512-KJUMlEH213XKKve6GApEH43E4tpvkP3z3mbjAIlCQEjWZ0mKCRMxde+2knim9NJMrb2eujcaDN8bjGt5lnBNmw==",
      "requires": {
        "pareto-core-internals": "^0.6.0"
      }
    },
    "pareto-core-internals": {
      "version": "0.6.0",
      "resolved": "https://registry.npmjs.org/pareto-core-internals/-/pareto-core-internals-0.6.0.tgz",
      "integrity": "sha512-ZXHa+PC5n7Ij/ASupX9erNo0ToHzDarv7AMTLfryB/l8YN49W8ZcHqFp6AFayiamtdBEf6nOy24A4OwmPRCkaA==",
      "requires": {
        "pareto-core-types": "^0.5.0"
      }
    },
    "pareto-core-lib": {
      "version": "0.12.0",
      "resolved": "https://registry.npmjs.org/pareto-core-lib/-/pareto-core-lib-0.12.0.tgz",
      "integrity": "sha512-t8aAPpP0NadPa4umSeZRA/auwQGy+9vn5ez0VUT65m9ZQTuSSJzy2Mg2L8++vZ2VmtfHA3ssLbCYcbWsoJNdcw==",
      "requires": {
        "pareto-core-internals": "^0.6.0"
      }
    },
    "pareto-core-state": {
      "version": "0.8.0",
      "resolved": "https://registry.npmjs.org/pareto-core-state/-/pareto-core-state-0.8.0.tgz",
      "integrity": "sha512-X4xhrpXYV8jkI6UloEJSwY/Kic5GgqxMZQjPA8aitEcE4OWE2dKS+0xYIJ3IUlLhCpFYsW/lbcLc64KSWVKNZQ==",
      "requires": {
        "pareto-core-internals": "^0.6.0"
      }
    },
    "pareto-core-types": {
      "version": "0.5.0",
      "resolved": "https://registry.npmjs.org/pareto-core-types/-/pareto-core-types-0.5.0.tgz",
      "integrity": "sha512-RgJ5V2Eg/E8wUtlXL0T+0oywXRubtBChdoKfdRctjExtmrU2UeWkIvrncbxe4k+pyMxO3eJ3NQ/58trkW7L+Cg=="
    }
  }
}
