{
  "name": "lib-pareto-test",
  "version": "0.10.0",
  "lockfileVersion": 2,
  "requires": true,
  "packages": {
    "": {
      "name": "lib-pareto-test",
      "version": "0.10.0",
      "license": "ISC",
      "dependencies": {
        "lib-pareto-filesystem": "^0.6.3",
        "pareto-core-lib": "^0.17.0",
        "pareto-core-raw": "^0.7.0",
        "pareto-core-state": "^0.12.0",
        "res-pareto-arithmetic": "^0.5.0",
        "res-pareto-boolean": "^0.6.1",
        "res-pareto-collation": "^0.9.0",
        "res-pareto-diff": "^0.13.2"
      }
    },
    "node_modules/diff": {
      "version": "5.1.0",
      "resolved": "https://registry.npmjs.org/diff/-/diff-5.1.0.tgz",
      "integrity": "sha512-D+mk+qE8VC/PAUrlAU34N+VfXev0ghe5ywmpqrawphmVZc1bEfn56uo9qpyGp1p4xpzOHkSW4ztBd6L7Xx4ACw==",
      "engines": {
        "node": ">=0.3.1"
      }
    },
    "node_modules/lib-pareto-filesystem": {
      "version": "0.6.3",
      "resolved": "https://registry.npmjs.org/lib-pareto-filesystem/-/lib-pareto-filesystem-0.6.3.tgz",
      "integrity": "sha512-oPMtBOOLBXFZHevrH45k+s7QdGALEmyjIybWDuAYVo6EFiiS+syxe2819hq07d1Jrs6/iOvLgsJUrgmGbMaxoA==",
      "dependencies": {
        "pareto-core-lib": "^0.17.0",
        "pareto-core-raw": "^0.7.0",
        "pareto-core-state": "^0.12.0",
        "res-pareto-async": "^0.3.2",
        "res-pareto-filesystem": "^0.26.1",
        "res-pareto-tostring": "^0.4.1"
      }
    },
    "node_modules/pareto-core-internals": {
      "version": "0.11.0",
      "resolved": "https://registry.npmjs.org/pareto-core-internals/-/pareto-core-internals-0.11.0.tgz",
      "integrity": "sha512-r9npJV5EXGSteklXVa9Sr9YcTkv3PQ3bWJK0sWwtuw6rvU4DHC6xYzIU8otnI4SM0f2je72fN6fWh0LaYQNe2A==",
      "dependencies": {
        "pareto-core-types": "^0.10.0"
      }
    },
    "node_modules/pareto-core-lib": {
      "version": "0.17.0",
      "resolved": "https://registry.npmjs.org/pareto-core-lib/-/pareto-core-lib-0.17.0.tgz",
      "integrity": "sha512-C+5Omz9UT8EB8f2AcVd78Kcq+b1IdymQLk9LkywFySieh38AeYtrLRod8tif4wLCeXGIj6T1Py23Pl+5lGWNFg==",
      "dependencies": {
        "pareto-core-internals": "^0.11.0"
      }
    },
    "node_modules/pareto-core-raw": {
      "version": "0.7.0",
      "resolved": "https://registry.npmjs.org/pareto-core-raw/-/pareto-core-raw-0.7.0.tgz",
      "integrity": "sha512-h+cMrKMNLg6iPB8oqc8DGJsdDSuuEEc/UxTbmehzOAUYeJp/ZftAVZn1IHItMcjRqpusfz7njKR4QvJWT91PEg==",
      "dependencies": {
        "pareto-core-internals": "^0.11.0"
      }
    },
    "node_modules/pareto-core-state": {
      "version": "0.12.0",
      "resolved": "https://registry.npmjs.org/pareto-core-state/-/pareto-core-state-0.12.0.tgz",
      "integrity": "sha512-yuDXIlvorBeZfJ4Xkob7JEXcukou5s1UrcXvsCt9N9CjalbEoOgZ5UD+3wL4nbtlIubzH+VvzlYMOoOoOOxkqw==",
      "dependencies": {
        "pareto-core-internals": "^0.11.0"
      }
    },
    "node_modules/pareto-core-types": {
      "version": "0.10.0",
      "resolved": "https://registry.npmjs.org/pareto-core-types/-/pareto-core-types-0.10.0.tgz",
      "integrity": "sha512-asVi1Eq2wbUfqyOrTFtSP7Tm1flBhfh2Evu90aTgf2xzphs9BFiYvIs9FhNWU7qcvjAup6ISMT6Gjv7mHQivLw=="
    },
    "node_modules/res-pareto-arithmetic": {
      "version": "0.5.0",
      "resolved": "https://registry.npmjs.org/res-pareto-arithmetic/-/res-pareto-arithmetic-0.5.0.tgz",
      "integrity": "sha512-LQYl6zA2BuvuTJS6BY6n0R1kifrORJGt4j4egBOGT40IKuce/PTBWl2RWkj/ct+6ctSyh6d3TPZYK6wYf2vR4g==",
      "dependencies": {
        "pareto-core-internals": "^0.11.0"
      }
    },
    "node_modules/res-pareto-async": {
      "version": "0.3.2",
      "resolved": "https://registry.npmjs.org/res-pareto-async/-/res-pareto-async-0.3.2.tgz",
      "integrity": "sha512-EH8B4EJvPDYquPFOPLZH2bn4q5loCwbN2tWFdrgqA284T3S+j01oQo1asuJayMX2LMrT1DkZ8XRIXIFSJqHkNQ==",
      "dependencies": {
        "pareto-core-internals": "^0.11.0"
      }
    },
    "node_modules/res-pareto-boolean": {
      "version": "0.6.1",
      "resolved": "https://registry.npmjs.org/res-pareto-boolean/-/res-pareto-boolean-0.6.1.tgz",
      "integrity": "sha512-dF+WlcafzaMGfpFs5gchOMWLRqBn6dzHFm+flnD+0z8NjjpwFe3bXu5zk4S1q6LsCYCgiGBVRJ6ekMc0eyT3SA==",
      "dependencies": {
        "pareto-core-internals": "^0.11.0"
      }
    },
    "node_modules/res-pareto-collation": {
      "version": "0.9.0",
      "resolved": "https://registry.npmjs.org/res-pareto-collation/-/res-pareto-collation-0.9.0.tgz",
      "integrity": "sha512-4kVopHKSRgGuGctIELU5EjojuL9unDApceqTGyarMvoVhAFb6PDSDtldPLMcLeao3ENDKNBAjQ63b8W4l03mRQ==",
      "dependencies": {
        "pareto-core-internals": "^0.11.0"
      }
    },
    "node_modules/res-pareto-diff": {
      "version": "0.13.2",
      "resolved": "https://registry.npmjs.org/res-pareto-diff/-/res-pareto-diff-0.13.2.tgz",
      "integrity": "sha512-WTD7APTFN+LpZP8NiLkidp3rhrGVWqNwjdEJFiSLCVXkIMFfP1RDye7FXeHmnLMut6z+EjYPsoEiV2M2trZKsw==",
      "dependencies": {
        "diff": "^5.1.0",
        "pareto-core-internals": "^0.11.0"
      }
    },
    "node_modules/res-pareto-filesystem": {
      "version": "0.26.1",
      "resolved": "https://registry.npmjs.org/res-pareto-filesystem/-/res-pareto-filesystem-0.26.1.tgz",
      "integrity": "sha512-K2oRhq/pwN09kANnNXXItfcqn6wOgQbQxJ0LC4FpDgKxKwwtR5R093+XExYmod3VcoReO7FBbFXvg/Pg7KSx6Q==",
      "dependencies": {
        "pareto-core-internals": "^0.11.0"
      }
    },
    "node_modules/res-pareto-tostring": {
      "version": "0.4.1",
      "resolved": "https://registry.npmjs.org/res-pareto-tostring/-/res-pareto-tostring-0.4.1.tgz",
      "integrity": "sha512-zvvdHzjekuuVn2q2HcWUS9UxwGQ2Vw1BWl0p18Hx0oJFck0NFEKb2Xk0NSKpXLKqH+FEAJKdh5D8d+2JR7JUWQ==",
      "dependencies": {
        "pareto-core-internals": "^0.11.0"
      }
    }
  },
  "dependencies": {
    "diff": {
      "version": "5.1.0",
      "resolved": "https://registry.npmjs.org/diff/-/diff-5.1.0.tgz",
      "integrity": "sha512-D+mk+qE8VC/PAUrlAU34N+VfXev0ghe5ywmpqrawphmVZc1bEfn56uo9qpyGp1p4xpzOHkSW4ztBd6L7Xx4ACw=="
    },
    "lib-pareto-filesystem": {
      "version": "0.6.3",
      "resolved": "https://registry.npmjs.org/lib-pareto-filesystem/-/lib-pareto-filesystem-0.6.3.tgz",
      "integrity": "sha512-oPMtBOOLBXFZHevrH45k+s7QdGALEmyjIybWDuAYVo6EFiiS+syxe2819hq07d1Jrs6/iOvLgsJUrgmGbMaxoA==",
      "requires": {
        "pareto-core-lib": "^0.17.0",
        "pareto-core-raw": "^0.7.0",
        "pareto-core-state": "^0.12.0",
        "res-pareto-async": "^0.3.2",
        "res-pareto-filesystem": "^0.26.1",
        "res-pareto-tostring": "^0.4.1"
      }
    },
    "pareto-core-internals": {
      "version": "0.11.0",
      "resolved": "https://registry.npmjs.org/pareto-core-internals/-/pareto-core-internals-0.11.0.tgz",
      "integrity": "sha512-r9npJV5EXGSteklXVa9Sr9YcTkv3PQ3bWJK0sWwtuw6rvU4DHC6xYzIU8otnI4SM0f2je72fN6fWh0LaYQNe2A==",
      "requires": {
        "pareto-core-types": "^0.10.0"
      }
    },
    "pareto-core-lib": {
      "version": "0.17.0",
      "resolved": "https://registry.npmjs.org/pareto-core-lib/-/pareto-core-lib-0.17.0.tgz",
      "integrity": "sha512-C+5Omz9UT8EB8f2AcVd78Kcq+b1IdymQLk9LkywFySieh38AeYtrLRod8tif4wLCeXGIj6T1Py23Pl+5lGWNFg==",
      "requires": {
        "pareto-core-internals": "^0.11.0"
      }
    },
    "pareto-core-raw": {
      "version": "0.7.0",
      "resolved": "https://registry.npmjs.org/pareto-core-raw/-/pareto-core-raw-0.7.0.tgz",
      "integrity": "sha512-h+cMrKMNLg6iPB8oqc8DGJsdDSuuEEc/UxTbmehzOAUYeJp/ZftAVZn1IHItMcjRqpusfz7njKR4QvJWT91PEg==",
      "requires": {
        "pareto-core-internals": "^0.11.0"
      }
    },
    "pareto-core-state": {
      "version": "0.12.0",
      "resolved": "https://registry.npmjs.org/pareto-core-state/-/pareto-core-state-0.12.0.tgz",
      "integrity": "sha512-yuDXIlvorBeZfJ4Xkob7JEXcukou5s1UrcXvsCt9N9CjalbEoOgZ5UD+3wL4nbtlIubzH+VvzlYMOoOoOOxkqw==",
      "requires": {
        "pareto-core-internals": "^0.11.0"
      }
    },
    "pareto-core-types": {
      "version": "0.10.0",
      "resolved": "https://registry.npmjs.org/pareto-core-types/-/pareto-core-types-0.10.0.tgz",
      "integrity": "sha512-asVi1Eq2wbUfqyOrTFtSP7Tm1flBhfh2Evu90aTgf2xzphs9BFiYvIs9FhNWU7qcvjAup6ISMT6Gjv7mHQivLw=="
    },
    "res-pareto-arithmetic": {
      "version": "0.5.0",
      "resolved": "https://registry.npmjs.org/res-pareto-arithmetic/-/res-pareto-arithmetic-0.5.0.tgz",
      "integrity": "sha512-LQYl6zA2BuvuTJS6BY6n0R1kifrORJGt4j4egBOGT40IKuce/PTBWl2RWkj/ct+6ctSyh6d3TPZYK6wYf2vR4g==",
      "requires": {
        "pareto-core-internals": "^0.11.0"
      }
    },
    "res-pareto-async": {
      "version": "0.3.2",
      "resolved": "https://registry.npmjs.org/res-pareto-async/-/res-pareto-async-0.3.2.tgz",
      "integrity": "sha512-EH8B4EJvPDYquPFOPLZH2bn4q5loCwbN2tWFdrgqA284T3S+j01oQo1asuJayMX2LMrT1DkZ8XRIXIFSJqHkNQ==",
      "requires": {
        "pareto-core-internals": "^0.11.0"
      }
    },
    "res-pareto-boolean": {
      "version": "0.6.1",
      "resolved": "https://registry.npmjs.org/res-pareto-boolean/-/res-pareto-boolean-0.6.1.tgz",
      "integrity": "sha512-dF+WlcafzaMGfpFs5gchOMWLRqBn6dzHFm+flnD+0z8NjjpwFe3bXu5zk4S1q6LsCYCgiGBVRJ6ekMc0eyT3SA==",
      "requires": {
        "pareto-core-internals": "^0.11.0"
      }
    },
    "res-pareto-collation": {
      "version": "0.9.0",
      "resolved": "https://registry.npmjs.org/res-pareto-collation/-/res-pareto-collation-0.9.0.tgz",
      "integrity": "sha512-4kVopHKSRgGuGctIELU5EjojuL9unDApceqTGyarMvoVhAFb6PDSDtldPLMcLeao3ENDKNBAjQ63b8W4l03mRQ==",
      "requires": {
        "pareto-core-internals": "^0.11.0"
      }
    },
    "res-pareto-diff": {
      "version": "0.13.2",
      "resolved": "https://registry.npmjs.org/res-pareto-diff/-/res-pareto-diff-0.13.2.tgz",
      "integrity": "sha512-WTD7APTFN+LpZP8NiLkidp3rhrGVWqNwjdEJFiSLCVXkIMFfP1RDye7FXeHmnLMut6z+EjYPsoEiV2M2trZKsw==",
      "requires": {
        "diff": "^5.1.0",
        "pareto-core-internals": "^0.11.0"
      }
    },
    "res-pareto-filesystem": {
      "version": "0.26.1",
      "resolved": "https://registry.npmjs.org/res-pareto-filesystem/-/res-pareto-filesystem-0.26.1.tgz",
      "integrity": "sha512-K2oRhq/pwN09kANnNXXItfcqn6wOgQbQxJ0LC4FpDgKxKwwtR5R093+XExYmod3VcoReO7FBbFXvg/Pg7KSx6Q==",
      "requires": {
        "pareto-core-internals": "^0.11.0"
      }
    },
    "res-pareto-tostring": {
      "version": "0.4.1",
      "resolved": "https://registry.npmjs.org/res-pareto-tostring/-/res-pareto-tostring-0.4.1.tgz",
      "integrity": "sha512-zvvdHzjekuuVn2q2HcWUS9UxwGQ2Vw1BWl0p18Hx0oJFck0NFEKb2Xk0NSKpXLKqH+FEAJKdh5D8d+2JR7JUWQ==",
      "requires": {
        "pareto-core-internals": "^0.11.0"
      }
    }
  }
}
