{
  "name": "lib-pareto-test",
  "version": "0.51.0",
  "lockfileVersion": 3,
  "requires": true,
  "packages": {
    "": {
      "name": "lib-pareto-test",
      "version": "0.51.0",
      "license": "TBD",
      "dependencies": {
        "glo-pareto-common": "^0.33.0",
        "lib-pareto-filesystem": "^0.55.0",
        "pareto-core-async": "^0.14.1",
        "pareto-core-data": "^0.7.0",
        "pareto-core-dev": "^0.9.0",
        "pareto-core-lib": "^0.26.0",
        "pareto-core-map": "^0.7.0",
        "pareto-core-state": "^0.20.0",
        "res-pareto-arithmetic": "^0.32.0",
        "res-pareto-array": "^0.10.0",
        "res-pareto-boolean": "^0.34.0",
        "res-pareto-collation": "^0.40.0",
        "res-pareto-diff": "^0.43.0",
        "res-pareto-foreach": "^0.24.0",
        "res-pareto-main": "^0.38.0"
      }
    },
    "node_modules/diff": {
      "version": "6.0.0",
      "resolved": "https://registry.npmjs.org/diff/-/diff-6.0.0.tgz",
      "integrity": "sha512-NbGtgPSw7il+jeajji1H6iKjCk3r/ANQKw3FFUhGV50+MH5MKIMeUmi53piTr7jlkWcq9eS858qbkRzkehwe+w==",
      "license": "BSD-3-Clause",
      "engines": {
        "node": ">=0.3.1"
      }
    },
    "node_modules/glo-pareto-common": {
      "version": "0.33.0",
      "resolved": "https://registry.npmjs.org/glo-pareto-common/-/glo-pareto-common-0.33.0.tgz",
      "integrity": "sha512-nYqdzHXomIJcPkPxbLkt9Gnoj/YnW4NHTkYxMiEBbqV86uNsGU1nC7gY3vbdlcBLKBSJKUxjmviOjPn+pckCCw==",
      "license": "TBD",
      "dependencies": {
        "pareto-core-types": "^0.16.2"
      }
    },
    "node_modules/lib-pareto-filesystem": {
      "version": "0.55.0",
      "resolved": "https://registry.npmjs.org/lib-pareto-filesystem/-/lib-pareto-filesystem-0.55.0.tgz",
      "integrity": "sha512-EUyMnXJsAw+DZXHzrNmuXGbcXZ6YIj65DO6bvfc+JfwJD8jbxWqivzwWJMmjHCRTyffz5vked5pbPDETRClflQ==",
      "license": "TBD",
      "dependencies": {
        "pareto-core-async": "^0.14.1",
        "pareto-core-data": "^0.7.0",
        "pareto-core-dev": "^0.9.0",
        "pareto-core-lib": "^0.26.0",
        "pareto-core-map": "^0.7.0",
        "pareto-core-state": "^0.20.0",
        "res-pareto-filesystem": "^0.73.0"
      }
    },
    "node_modules/pareto-core-async": {
      "version": "0.14.1",
      "resolved": "https://registry.npmjs.org/pareto-core-async/-/pareto-core-async-0.14.1.tgz",
      "integrity": "sha512-0zIz95yF3I0/mZAwQpkWHB8k7PUAy/ecODiBGbMZBDGRBOW292pmMUau4aZF22m5BWpBlhOEHhYeDiSxCudjYA==",
      "license": "ISC",
      "dependencies": {
        "pareto-core-internals": "^0.21.0"
      }
    },
    "node_modules/pareto-core-data": {
      "version": "0.7.0",
      "resolved": "https://registry.npmjs.org/pareto-core-data/-/pareto-core-data-0.7.0.tgz",
      "integrity": "sha512-NB617uROeyVMCWobNUchTYnMqNzvpxn7kHzYQ8aWDwctHKepBe2zYKqstGOoQYs34nsh/R3ymq0rFwGYc/+jsQ==",
      "license": "ISC",
      "dependencies": {
        "pareto-core-internals": "^0.21.0"
      }
    },
    "node_modules/pareto-core-dev": {
      "version": "0.9.0",
      "resolved": "https://registry.npmjs.org/pareto-core-dev/-/pareto-core-dev-0.9.0.tgz",
      "integrity": "sha512-/D8Js2Fa8mE/FEXdNlcgbK4X27yCPXdyCje5jPZBzlV+ifBVHvK0KQpfRLNzKlCF3NF7NaltvpZXj83WbnibvQ==",
      "license": "ISC",
      "dependencies": {
        "pareto-core-internals": "^0.22.0"
      }
    },
    "node_modules/pareto-core-dev/node_modules/pareto-core-internals": {
      "version": "0.22.0",
      "resolved": "https://registry.npmjs.org/pareto-core-internals/-/pareto-core-internals-0.22.0.tgz",
      "integrity": "sha512-WPgGnHl96DTS75dDBytuNR4U6gMs5STfRsCnRldAhbDZ/Z+4Kc843H6Yi+/InmcowpxMoQSINPo8AoNwO9gpyA==",
      "license": "ISC",
      "dependencies": {
        "pareto-core-types": "^0.16.1"
      }
    },
    "node_modules/pareto-core-internals": {
      "version": "0.21.0",
      "resolved": "https://registry.npmjs.org/pareto-core-internals/-/pareto-core-internals-0.21.0.tgz",
      "integrity": "sha512-aab6US8F5wpKEGWUjq01sqBdWSOmnSkHYQeymSpF/xIFa747NI3eeJmLokXR3bO4jVvIwauI5CvNyPYv4K7cDw==",
      "license": "ISC",
      "dependencies": {
        "pareto-core-types": "^0.16.1"
      }
    },
    "node_modules/pareto-core-lib": {
      "version": "0.26.0",
      "resolved": "https://registry.npmjs.org/pareto-core-lib/-/pareto-core-lib-0.26.0.tgz",
      "integrity": "sha512-bOkVjIRJU1yIZ/r1YdTby5f3ww6p/Afcoq+fFELmHxo5BvbeDVVwL4F9EOZraHYhOfG2ZSQXrxd7w2txOa5ZvA==",
      "license": "ISC",
      "dependencies": {
        "pareto-core-internals": "^0.21.0"
      }
    },
    "node_modules/pareto-core-map": {
      "version": "0.7.0",
      "resolved": "https://registry.npmjs.org/pareto-core-map/-/pareto-core-map-0.7.0.tgz",
      "integrity": "sha512-EzTonPY/ye8tQzK/jzGBlOhfnYrMJFjpgIXaxfBnmyai96PZUXTgmkV34d1JAZ311+w580m1ZZ2pb1j09EEzTw==",
      "license": "ISC",
      "dependencies": {
        "pareto-core-internals": "^0.21.0"
      }
    },
    "node_modules/pareto-core-state": {
      "version": "0.20.0",
      "resolved": "https://registry.npmjs.org/pareto-core-state/-/pareto-core-state-0.20.0.tgz",
      "integrity": "sha512-niAD1o9KpEPS4Gb8uc/In7w1qvyOlQ8npHNUc6n7NwFC8gUs4ZT07VQ/qjgq08B2igAHQO3DkNMusj9jAo5RUA==",
      "license": "ISC",
      "dependencies": {
        "pareto-core-internals": "^0.21.0"
      }
    },
    "node_modules/pareto-core-types": {
      "version": "0.16.2",
      "resolved": "https://registry.npmjs.org/pareto-core-types/-/pareto-core-types-0.16.2.tgz",
      "integrity": "sha512-3rnXvi3vlt80nS/fhAqy0Z4+d7t+tv5vMgg1GwMjeAzqEACGoW+djaGHGoX4XajKO3sUPHG81+f6qJuG2BhK3A==",
      "license": "ISC"
    },
    "node_modules/res-pareto-arithmetic": {
      "version": "0.32.0",
      "resolved": "https://registry.npmjs.org/res-pareto-arithmetic/-/res-pareto-arithmetic-0.32.0.tgz",
      "integrity": "sha512-vXNWZ+cFq0umq7CeuWr8X5qooDEGnwX+i3tNK/8S3NZi2SEQNXmtqXaLbPsR5BFf8bOop0FoY1WfskDYwAWCiA==",
      "license": "TBD",
      "dependencies": {
        "glo-pareto-common": "^0.33.0",
        "pareto-core-internals": "^0.21.0"
      }
    },
    "node_modules/res-pareto-array": {
      "version": "0.10.0",
      "resolved": "https://registry.npmjs.org/res-pareto-array/-/res-pareto-array-0.10.0.tgz",
      "integrity": "sha512-TVebj2G3Eq+UNJ4O5qW/7oPkD1oO3o3yg6ZuJ/0BQ2pgTeZnaAb8FwvgpRajf2pa2GBbWezTP72no0V+UskMfg==",
      "license": "TBD",
      "dependencies": {
        "glo-pareto-common": "^0.33.0",
        "pareto-core-internals": "^0.22.0"
      }
    },
    "node_modules/res-pareto-array/node_modules/pareto-core-internals": {
      "version": "0.22.0",
      "resolved": "https://registry.npmjs.org/pareto-core-internals/-/pareto-core-internals-0.22.0.tgz",
      "integrity": "sha512-WPgGnHl96DTS75dDBytuNR4U6gMs5STfRsCnRldAhbDZ/Z+4Kc843H6Yi+/InmcowpxMoQSINPo8AoNwO9gpyA==",
      "license": "ISC",
      "dependencies": {
        "pareto-core-types": "^0.16.1"
      }
    },
    "node_modules/res-pareto-boolean": {
      "version": "0.34.0",
      "resolved": "https://registry.npmjs.org/res-pareto-boolean/-/res-pareto-boolean-0.34.0.tgz",
      "integrity": "sha512-E1cbNHas3KsEYSuwURqE7dF/z+K7CZXhtHNuqwNqP8C0AO23q/3cIbg9GUk2cFj6onAP13pE+4pjTOXaN+Wobw==",
      "license": "TBD",
      "dependencies": {
        "glo-pareto-common": "^0.33.0",
        "pareto-core-internals": "^0.21.0"
      }
    },
    "node_modules/res-pareto-collation": {
      "version": "0.40.0",
      "resolved": "https://registry.npmjs.org/res-pareto-collation/-/res-pareto-collation-0.40.0.tgz",
      "integrity": "sha512-ZrdIcAO8lu18pGX/GDJGOH+b1AyqZcRYlB88XvsGkDry8bGnKX4ytnbdd3fl4oBldjMFFASjbMgrpWYNsKDPng==",
      "license": "TBD",
      "dependencies": {
        "glo-pareto-common": "^0.33.0",
        "pareto-core-internals": "^0.21.0"
      }
    },
    "node_modules/res-pareto-diff": {
      "version": "0.43.0",
      "resolved": "https://registry.npmjs.org/res-pareto-diff/-/res-pareto-diff-0.43.0.tgz",
      "integrity": "sha512-NJnvC6dV1zQhlx1O6rMkAeCHBGcFfGT7/kGH3RGFjcEby+ka0NSEJZq89/3OpwDMJqdB/1aM0kyGFQ9rUVz77g==",
      "license": "TBD",
      "dependencies": {
        "diff": "^6.0.0-beta",
        "glo-pareto-common": "^0.33.0",
        "pareto-core-internals": "^0.21.0"
      }
    },
    "node_modules/res-pareto-filesystem": {
      "version": "0.73.0",
      "resolved": "https://registry.npmjs.org/res-pareto-filesystem/-/res-pareto-filesystem-0.73.0.tgz",
      "integrity": "sha512-cf+F3kZmV5oFNxpMtJVFZnO3HVLpY4XWGVutAh1DJ7ZVevoaoQYP2jHEl+Ym5UegXqQr7tFg8xbpoegMqfeaug==",
      "license": "TBD",
      "dependencies": {
        "glo-pareto-common": "^0.33.0",
        "pareto-core-internals": "^0.21.0"
      }
    },
    "node_modules/res-pareto-foreach": {
      "version": "0.24.0",
      "resolved": "https://registry.npmjs.org/res-pareto-foreach/-/res-pareto-foreach-0.24.0.tgz",
      "integrity": "sha512-6UMNic35hStMrUf30qLYXj+BFTEiEPTHS8FGyEWrFB5ku4rZesvKUZ/sU21xMB05lFRMzeVVcWxcfqqRuKstuw==",
      "license": "TBD",
      "dependencies": {
        "pareto-core-internals": "^0.22.0",
        "res-pareto-collation": "^0.40.0"
      }
    },
    "node_modules/res-pareto-foreach/node_modules/pareto-core-internals": {
      "version": "0.22.0",
      "resolved": "https://registry.npmjs.org/pareto-core-internals/-/pareto-core-internals-0.22.0.tgz",
      "integrity": "sha512-WPgGnHl96DTS75dDBytuNR4U6gMs5STfRsCnRldAhbDZ/Z+4Kc843H6Yi+/InmcowpxMoQSINPo8AoNwO9gpyA==",
      "license": "ISC",
      "dependencies": {
        "pareto-core-types": "^0.16.1"
      }
    },
    "node_modules/res-pareto-main": {
      "version": "0.38.0",
      "resolved": "https://registry.npmjs.org/res-pareto-main/-/res-pareto-main-0.38.0.tgz",
      "integrity": "sha512-3jz2x+5TmLFZk+GhUiM/gMxN3ZxpRV4uG88Pc3yqjhLc/3uCF1e6P7+JobjVvbI0CvJoxpeug8AYrchZk019sg==",
      "license": "TBD",
      "dependencies": {
        "glo-pareto-common": "^0.33.0",
        "pareto-core-internals": "^0.22.0"
      }
    },
    "node_modules/res-pareto-main/node_modules/pareto-core-internals": {
      "version": "0.22.0",
      "resolved": "https://registry.npmjs.org/pareto-core-internals/-/pareto-core-internals-0.22.0.tgz",
      "integrity": "sha512-WPgGnHl96DTS75dDBytuNR4U6gMs5STfRsCnRldAhbDZ/Z+4Kc843H6Yi+/InmcowpxMoQSINPo8AoNwO9gpyA==",
      "license": "ISC",
      "dependencies": {
        "pareto-core-types": "^0.16.1"
      }
    }
  }
}
